
Microsoft Visual Studio Solution File, Format Version 12.00
# Visual Studio Version 16
VisualStudioVersion = 16.0.29709.97
MinimumVisualStudioVersion = 10.0.40219.1
Project("{FAE04EC0-301F-11D3-BF4B-00C04F79EFBC}") = "ModernMessageBoxWPF", "ModernMessageBoxWPF\ModernMessageBoxWPF.csproj", "{4C1F2C40-5775-42A6-B579-4A6EC9CB8795}"
EndProject
Global
	GlobalSection(SolutionConfigurationPlatforms) = preSolution
		Debug|Any CPU = Debug|Any CPU
		Release|Any CPU = Release|Any CPU
	EndGlobalSection
	GlobalSection(ProjectConfigurationPlatforms) = postSolution
		{4C1F2C40-5775-42A6-B579-4A6EC9CB8795}.Debug|Any CPU.ActiveCfg = Debug|Any CPU
		{4C1F2C40-5775-42A6-B579-4A6EC9CB8795}.Debug|Any CPU.Build.0 = Debug|Any CPU
		{4C1F2C40-5775-42A6-B579-4A6EC9CB8795}.Release|Any CPU.ActiveCfg = Release|Any CPU
		{4C1F2C40-5775-42A6-B579-4A6EC9CB8795}.Release|Any CPU.Build.0 = Release|Any CPU
	EndGlobalSection
	GlobalSection(SolutionProperties) = preSolution
		HideSolutionNode = FALSE
	EndGlobalSection
	GlobalSection(ExtensibilityGlobals) = postSolution
		SolutionGuid = {C345A1B8-A5CD-460D-ADBA-9C9165F6095B}
	EndGlobalSection
EndGlobal
